{
  "name": "new",
  "lockfileVersion": 2,
  "requires": true,
  "packages": {
    "": {
      "dependencies": {
        "@its/log": "^1.0.0"
      }
    },
    "node_modules/@its/log": {
      "version": "1.0.0",
      "resolved": "http://localhost:4873/@its%2flog/-/log-1.0.0.tgz",
      "integrity": "sha512-Jveoop2IYVf/VFnok7cn3o8fWhUq9itTZIBejT22WgzsTLlAasfFQM5Sa8+sk0LFGFLSCPZBlkylHhaz/B5Cbg=="
    }
  },
  "dependencies": {
    "@its/log": {
      "version": "1.0.0",
      "resolved": "http://localhost:4873/@its%2flog/-/log-1.0.0.tgz",
      "integrity": "sha512-Jveoop2IYVf/VFnok7cn3o8fWhUq9itTZIBejT22WgzsTLlAasfFQM5Sa8+sk0LFGFLSCPZBlkylHhaz/B5Cbg=="
    }
  }
}
